
Microsoft Visual Studio Solution File, Format Version 12.00
# Visual Studio Version 17
VisualStudioVersion = 17.9.34728.123
MinimumVisualStudioVersion = 10.0.40219.1
Project("{9A19103F-16F7-4668-BE54-9A1E7A4F7556}") = "UserProvider", "UserProvider\UserProvider.csproj", "{52CAF99A-1195-42A2-B56A-4E7BFC0B5E41}"
EndProject
Project("{9A19103F-16F7-4668-BE54-9A1E7A4F7556}") = "Data", "Data\Data.csproj", "{92F8CE57-4FE3-4FB0-B11A-952C079950AE}"
EndProject
Global
	GlobalSection(SolutionConfigurationPlatforms) = preSolution
		Debug|Any CPU = Debug|Any CPU
		Release|Any CPU = Release|Any CPU
	EndGlobalSection
	GlobalSection(ProjectConfigurationPlatforms) = postSolution
		{52CAF99A-1195-42A2-B56A-4E7BFC0B5E41}.Debug|Any CPU.ActiveCfg = Debug|Any CPU
		{52CAF99A-1195-42A2-B56A-4E7BFC0B5E41}.Debug|Any CPU.Build.0 = Debug|Any CPU
		{52CAF99A-1195-42A2-B56A-4E7BFC0B5E41}.Release|Any CPU.ActiveCfg = Release|Any CPU
		{52CAF99A-1195-42A2-B56A-4E7BFC0B5E41}.Release|Any CPU.Build.0 = Release|Any CPU
		{92F8CE57-4FE3-4FB0-B11A-952C079950AE}.Debug|Any CPU.ActiveCfg = Debug|Any CPU
		{92F8CE57-4FE3-4FB0-B11A-952C079950AE}.Debug|Any CPU.Build.0 = Debug|Any CPU
		{92F8CE57-4FE3-4FB0-B11A-952C079950AE}.Release|Any CPU.ActiveCfg = Release|Any CPU
		{92F8CE57-4FE3-4FB0-B11A-952C079950AE}.Release|Any CPU.Build.0 = Release|Any CPU
	EndGlobalSection
	GlobalSection(SolutionProperties) = preSolution
		HideSolutionNode = FALSE
	EndGlobalSection
	GlobalSection(ExtensibilityGlobals) = postSolution
		SolutionGuid = {A3AE91A0-732A-4B1F-87C4-99B712151840}
	EndGlobalSection
EndGlobal
